{
  "name": "mibank-account-app",
  "version": "0.1.0",
  "lockfileVersion": 1,
  "requires": true,
  "dependencies": {
    "@types/chart.js": {
      "version": "2.7.23",
      "resolved": "https://registry.npmjs.org/@types/chart.js/-/chart.js-2.7.23.tgz",
      "integrity": "sha512-oZUwRzFPWBFkcYDmeenkXnstyK1nu4S6UsubfqOWA77IAWtKddD8m6B7SqDpzYcOyPpcwNDtd7xKDdQYTGRBpw==",
      "dev": true
    }
  }
}
